
Microsoft Visual Studio Solution File, Format Version 12.00
# Visual Studio 15
VisualStudioVersion = 15.0.26124.0
MinimumVisualStudioVersion = 15.0.26124.0
Project("{FAE04EC0-301F-11D3-BF4B-00C04F79EFBC}") = "API", "API\API.csproj", "{60EF5EBA-D879-4A71-9226-E6C1F5C24BC9}"
EndProject
Project("{FAE04EC0-301F-11D3-BF4B-00C04F79EFBC}") = "Core", "Core\Core.csproj", "{660426D8-17F6-4860-983C-6964D57463EE}"
EndProject
Project("{FAE04EC0-301F-11D3-BF4B-00C04F79EFBC}") = "Infrastructure", "Infrastructure\Infrastructure.csproj", "{0B52D277-8F71-4080-B836-D1BA4748479D}"
EndProject
Global
	GlobalSection(SolutionConfigurationPlatforms) = preSolution
		Debug|Any CPU = Debug|Any CPU
		Debug|x64 = Debug|x64
		Debug|x86 = Debug|x86
		Release|Any CPU = Release|Any CPU
		Release|x64 = Release|x64
		Release|x86 = Release|x86
	EndGlobalSection
	GlobalSection(SolutionProperties) = preSolution
		HideSolutionNode = FALSE
	EndGlobalSection
	GlobalSection(ProjectConfigurationPlatforms) = postSolution
		{60EF5EBA-D879-4A71-9226-E6C1F5C24BC9}.Debug|Any CPU.ActiveCfg = Debug|Any CPU
		{60EF5EBA-D879-4A71-9226-E6C1F5C24BC9}.Debug|Any CPU.Build.0 = Debug|Any CPU
		{60EF5EBA-D879-4A71-9226-E6C1F5C24BC9}.Debug|x64.ActiveCfg = Debug|Any CPU
		{60EF5EBA-D879-4A71-9226-E6C1F5C24BC9}.Debug|x64.Build.0 = Debug|Any CPU
		{60EF5EBA-D879-4A71-9226-E6C1F5C24BC9}.Debug|x86.ActiveCfg = Debug|Any CPU
		{60EF5EBA-D879-4A71-9226-E6C1F5C24BC9}.Debug|x86.Build.0 = Debug|Any CPU
		{60EF5EBA-D879-4A71-9226-E6C1F5C24BC9}.Release|Any CPU.ActiveCfg = Release|Any CPU
		{60EF5EBA-D879-4A71-9226-E6C1F5C24BC9}.Release|Any CPU.Build.0 = Release|Any CPU
		{60EF5EBA-D879-4A71-9226-E6C1F5C24BC9}.Release|x64.ActiveCfg = Release|Any CPU
		{60EF5EBA-D879-4A71-9226-E6C1F5C24BC9}.Release|x64.Build.0 = Release|Any CPU
		{60EF5EBA-D879-4A71-9226-E6C1F5C24BC9}.Release|x86.ActiveCfg = Release|Any CPU
		{60EF5EBA-D879-4A71-9226-E6C1F5C24BC9}.Release|x86.Build.0 = Release|Any CPU
		{660426D8-17F6-4860-983C-6964D57463EE}.Debug|Any CPU.ActiveCfg = Debug|Any CPU
		{660426D8-17F6-4860-983C-6964D57463EE}.Debug|Any CPU.Build.0 = Debug|Any CPU
		{660426D8-17F6-4860-983C-6964D57463EE}.Debug|x64.ActiveCfg = Debug|Any CPU
		{660426D8-17F6-4860-983C-6964D57463EE}.Debug|x64.Build.0 = Debug|Any CPU
		{660426D8-17F6-4860-983C-6964D57463EE}.Debug|x86.ActiveCfg = Debug|Any CPU
		{660426D8-17F6-4860-983C-6964D57463EE}.Debug|x86.Build.0 = Debug|Any CPU
		{660426D8-17F6-4860-983C-6964D57463EE}.Release|Any CPU.ActiveCfg = Release|Any CPU
		{660426D8-17F6-4860-983C-6964D57463EE}.Release|Any CPU.Build.0 = Release|Any CPU
		{660426D8-17F6-4860-983C-6964D57463EE}.Release|x64.ActiveCfg = Release|Any CPU
		{660426D8-17F6-4860-983C-6964D57463EE}.Release|x64.Build.0 = Release|Any CPU
		{660426D8-17F6-4860-983C-6964D57463EE}.Release|x86.ActiveCfg = Release|Any CPU
		{660426D8-17F6-4860-983C-6964D57463EE}.Release|x86.Build.0 = Release|Any CPU
		{0B52D277-8F71-4080-B836-D1BA4748479D}.Debug|Any CPU.ActiveCfg = Debug|Any CPU
		{0B52D277-8F71-4080-B836-D1BA4748479D}.Debug|Any CPU.Build.0 = Debug|Any CPU
		{0B52D277-8F71-4080-B836-D1BA4748479D}.Debug|x64.ActiveCfg = Debug|Any CPU
		{0B52D277-8F71-4080-B836-D1BA4748479D}.Debug|x64.Build.0 = Debug|Any CPU
		{0B52D277-8F71-4080-B836-D1BA4748479D}.Debug|x86.ActiveCfg = Debug|Any CPU
		{0B52D277-8F71-4080-B836-D1BA4748479D}.Debug|x86.Build.0 = Debug|Any CPU
		{0B52D277-8F71-4080-B836-D1BA4748479D}.Release|Any CPU.ActiveCfg = Release|Any CPU
		{0B52D277-8F71-4080-B836-D1BA4748479D}.Release|Any CPU.Build.0 = Release|Any CPU
		{0B52D277-8F71-4080-B836-D1BA4748479D}.Release|x64.ActiveCfg = Release|Any CPU
		{0B52D277-8F71-4080-B836-D1BA4748479D}.Release|x64.Build.0 = Release|Any CPU
		{0B52D277-8F71-4080-B836-D1BA4748479D}.Release|x86.ActiveCfg = Release|Any CPU
		{0B52D277-8F71-4080-B836-D1BA4748479D}.Release|x86.Build.0 = Release|Any CPU
	EndGlobalSection
EndGlobal
